
Microsoft Visual Studio Solution File, Format Version 12.00
# Visual Studio Express 2012 for Windows Desktop
Project("{8BC9CEB8-8B4A-11D0-8D11-00A0C91BC942}") = "StaticInStruct", "StaticInStruct\StaticInStruct.vcxproj", "{66F712F4-38BC-430F-81BB-D0B2180775F4}"
EndProject
Project("{8BC9CEB8-8B4A-11D0-8D11-00A0C91BC942}") = "EmptyClassDefault", "EmptyClassDefault\EmptyClassDefault.vcxproj", "{E6CC7AFF-7142-42CA-94CD-ECC80E4CC262}"
EndProject
Project("{8BC9CEB8-8B4A-11D0-8D11-00A0C91BC942}") = "Polymorph", "Polymorph\Polymorph.vcxproj", "{D76B1EF4-7D3C-41BD-A2EE-0B0DECED5E6E}"
EndProject
Project("{8BC9CEB8-8B4A-11D0-8D11-00A0C91BC942}") = "TrimSpace", "TrimSpace\TrimSpace.vcxproj", "{3AAC994D-C564-455F-89B2-216E994ECD4E}"
EndProject
Project("{8BC9CEB8-8B4A-11D0-8D11-00A0C91BC942}") = "HugeNumberMulti", "HugeNumberMulti\HugeNumberMulti.vcxproj", "{9DF68530-5464-49AC-B021-82B5D771EFFF}"
EndProject
Project("{8BC9CEB8-8B4A-11D0-8D11-00A0C91BC942}") = "RevertString", "RevertString\RevertString.vcxproj", "{6FB05F31-53FF-4BC4-9275-945F5D0530DA}"
EndProject
Global
	GlobalSection(SolutionConfigurationPlatforms) = preSolution
		Debug|Win32 = Debug|Win32
		Release|Win32 = Release|Win32
	EndGlobalSection
	GlobalSection(ProjectConfigurationPlatforms) = postSolution
		{66F712F4-38BC-430F-81BB-D0B2180775F4}.Debug|Win32.ActiveCfg = Debug|Win32
		{66F712F4-38BC-430F-81BB-D0B2180775F4}.Debug|Win32.Build.0 = Debug|Win32
		{66F712F4-38BC-430F-81BB-D0B2180775F4}.Release|Win32.ActiveCfg = Release|Win32
		{66F712F4-38BC-430F-81BB-D0B2180775F4}.Release|Win32.Build.0 = Release|Win32
		{E6CC7AFF-7142-42CA-94CD-ECC80E4CC262}.Debug|Win32.ActiveCfg = Debug|Win32
		{E6CC7AFF-7142-42CA-94CD-ECC80E4CC262}.Debug|Win32.Build.0 = Debug|Win32
		{E6CC7AFF-7142-42CA-94CD-ECC80E4CC262}.Release|Win32.ActiveCfg = Release|Win32
		{E6CC7AFF-7142-42CA-94CD-ECC80E4CC262}.Release|Win32.Build.0 = Release|Win32
		{D76B1EF4-7D3C-41BD-A2EE-0B0DECED5E6E}.Debug|Win32.ActiveCfg = Debug|Win32
		{D76B1EF4-7D3C-41BD-A2EE-0B0DECED5E6E}.Debug|Win32.Build.0 = Debug|Win32
		{D76B1EF4-7D3C-41BD-A2EE-0B0DECED5E6E}.Release|Win32.ActiveCfg = Release|Win32
		{D76B1EF4-7D3C-41BD-A2EE-0B0DECED5E6E}.Release|Win32.Build.0 = Release|Win32
		{3AAC994D-C564-455F-89B2-216E994ECD4E}.Debug|Win32.ActiveCfg = Debug|Win32
		{3AAC994D-C564-455F-89B2-216E994ECD4E}.Debug|Win32.Build.0 = Debug|Win32
		{3AAC994D-C564-455F-89B2-216E994ECD4E}.Release|Win32.ActiveCfg = Release|Win32
		{3AAC994D-C564-455F-89B2-216E994ECD4E}.Release|Win32.Build.0 = Release|Win32
		{9DF68530-5464-49AC-B021-82B5D771EFFF}.Debug|Win32.ActiveCfg = Debug|Win32
		{9DF68530-5464-49AC-B021-82B5D771EFFF}.Debug|Win32.Build.0 = Debug|Win32
		{9DF68530-5464-49AC-B021-82B5D771EFFF}.Release|Win32.ActiveCfg = Release|Win32
		{9DF68530-5464-49AC-B021-82B5D771EFFF}.Release|Win32.Build.0 = Release|Win32
		{6FB05F31-53FF-4BC4-9275-945F5D0530DA}.Debug|Win32.ActiveCfg = Debug|Win32
		{6FB05F31-53FF-4BC4-9275-945F5D0530DA}.Debug|Win32.Build.0 = Debug|Win32
		{6FB05F31-53FF-4BC4-9275-945F5D0530DA}.Release|Win32.ActiveCfg = Release|Win32
		{6FB05F31-53FF-4BC4-9275-945F5D0530DA}.Release|Win32.Build.0 = Release|Win32
	EndGlobalSection
	GlobalSection(SolutionProperties) = preSolution
		HideSolutionNode = FALSE
	EndGlobalSection
EndGlobal
